
Microsoft Visual Studio Solution File, Format Version 11.00
# Visual Studio Version 16
VisualStudioVersion = 16.0.29729.10
MinimumVisualStudioVersion = 10.0.40219.1
Project("{FAE04EC0-301F-11D3-BF4B-00C04F79EFBC}") = "VB6BuilderTask", "VB6BuilderTask.csproj", "{4274EB05-7806-4D37-8BBA-1C533BE4F197}"
EndProject
Project("{FAE04EC0-301F-11D3-BF4B-00C04F79EFBC}") = "TestHarness", "TestHarness\TestHarness.csproj", "{897D19DC-A724-4B1C-915E-7B469E8D029E}"
EndProject
Global
	GlobalSection(TeamFoundationVersionControl) = preSolution
		SccNumberOfProjects = 3
		SccEnterpriseProvider = {4CA58AB2-18FA-4F8D-95D4-32DDF27D184C}
		SccTeamFoundationServer = http://core-tfs:8080/
		SccLocalPath0 = .
		SccProjectUniqueName1 = VB6BuilderTask.csproj
		SccLocalPath1 = .
		SccProjectUniqueName2 = TestHarness\\TestHarness.csproj
		SccProjectName2 = TestHarness
		SccLocalPath2 = TestHarness
	EndGlobalSection
	GlobalSection(SolutionConfigurationPlatforms) = preSolution
		Debug|Any CPU = Debug|Any CPU
		Debug|Mixed Platforms = Debug|Mixed Platforms
		Debug|x86 = Debug|x86
		Release|Any CPU = Release|Any CPU
		Release|Mixed Platforms = Release|Mixed Platforms
		Release|x86 = Release|x86
	EndGlobalSection
	GlobalSection(ProjectConfigurationPlatforms) = postSolution
		{4274EB05-7806-4D37-8BBA-1C533BE4F197}.Debug|Any CPU.ActiveCfg = Debug|Any CPU
		{4274EB05-7806-4D37-8BBA-1C533BE4F197}.Debug|Any CPU.Build.0 = Debug|Any CPU
		{4274EB05-7806-4D37-8BBA-1C533BE4F197}.Debug|Mixed Platforms.ActiveCfg = Debug|Any CPU
		{4274EB05-7806-4D37-8BBA-1C533BE4F197}.Debug|Mixed Platforms.Build.0 = Debug|Any CPU
		{4274EB05-7806-4D37-8BBA-1C533BE4F197}.Debug|x86.ActiveCfg = Debug|Any CPU
		{4274EB05-7806-4D37-8BBA-1C533BE4F197}.Release|Any CPU.ActiveCfg = Release|Any CPU
		{4274EB05-7806-4D37-8BBA-1C533BE4F197}.Release|Any CPU.Build.0 = Release|Any CPU
		{4274EB05-7806-4D37-8BBA-1C533BE4F197}.Release|Mixed Platforms.ActiveCfg = Release|Any CPU
		{4274EB05-7806-4D37-8BBA-1C533BE4F197}.Release|Mixed Platforms.Build.0 = Release|Any CPU
		{4274EB05-7806-4D37-8BBA-1C533BE4F197}.Release|x86.ActiveCfg = Release|Any CPU
		{897D19DC-A724-4B1C-915E-7B469E8D029E}.Debug|Any CPU.ActiveCfg = Debug|x86
		{897D19DC-A724-4B1C-915E-7B469E8D029E}.Debug|Mixed Platforms.ActiveCfg = Debug|x86
		{897D19DC-A724-4B1C-915E-7B469E8D029E}.Debug|Mixed Platforms.Build.0 = Debug|x86
		{897D19DC-A724-4B1C-915E-7B469E8D029E}.Debug|x86.ActiveCfg = Debug|x86
		{897D19DC-A724-4B1C-915E-7B469E8D029E}.Debug|x86.Build.0 = Debug|x86
		{897D19DC-A724-4B1C-915E-7B469E8D029E}.Release|Any CPU.ActiveCfg = Release|x86
		{897D19DC-A724-4B1C-915E-7B469E8D029E}.Release|Mixed Platforms.ActiveCfg = Release|x86
		{897D19DC-A724-4B1C-915E-7B469E8D029E}.Release|Mixed Platforms.Build.0 = Release|x86
		{897D19DC-A724-4B1C-915E-7B469E8D029E}.Release|x86.ActiveCfg = Release|x86
		{897D19DC-A724-4B1C-915E-7B469E8D029E}.Release|x86.Build.0 = Release|x86
	EndGlobalSection
	GlobalSection(SolutionProperties) = preSolution
		HideSolutionNode = FALSE
	EndGlobalSection
EndGlobal
