Microsoft Visual Studio Solution File, Format Version 1.00
Project("{73393D18-DAC4-11D1-88FC-0000F8064EBB}") = "ICWEventNotifierV1", "InstallKit.wip", "{AA11DA4B-FF7F-4616-A64B-CD48F38D743D}"
EndProject
Global
	GlobalSection(LocalDeployment) = postSolution
		StartupProject = {00000000-0000-0000-0000-000000000000}
	EndGlobalSection
	GlobalSection(BuildOrder) = postSolution
		0 = {AA11DA4B-FF7F-4616-A64B-CD48F38D743D}
	EndGlobalSection
	GlobalSection(DeploymentRoot) = postSolution
	EndGlobalSection
EndGlobal
