Microsoft Visual Studio Solution File, Format Version 1.00
Project("{73393D18-DAC4-11D1-88FC-0000F8064EBB}") = "MaximsHL7AllergyEncoderV1", "InstallKit.wip", "{E8D58234-F0A8-48A8-AC06-1B142DEB2CEE}"
EndProject
Global
	GlobalSection(LocalDeployment) = postSolution
		StartupProject = {00000000-0000-0000-0000-000000000000}
	EndGlobalSection
	GlobalSection(BuildOrder) = postSolution
		0 = {E8D58234-F0A8-48A8-AC06-1B142DEB2CEE}
	EndGlobalSection
	GlobalSection(DeploymentRoot) = postSolution
	EndGlobalSection
EndGlobal
